
Microsoft Visual Studio Solution File, Format Version 12.00
# Visual Studio Version 17
VisualStudioVersion = 17.5.33424.131
MinimumVisualStudioVersion = 10.0.40219.1
Project("{FAE04EC0-301F-11D3-BF4B-00C04F79EFBC}") = "HoteListing.API", "HoteListing\HoteListing.API.csproj", "{9E21F0E0-D01F-4283-88A6-BEB2A53ABF81}"
EndProject
Global
	GlobalSection(SolutionConfigurationPlatforms) = preSolution
		Debug|Any CPU = Debug|Any CPU
		Release|Any CPU = Release|Any CPU
	EndGlobalSection
	GlobalSection(ProjectConfigurationPlatforms) = postSolution
		{9E21F0E0-D01F-4283-88A6-BEB2A53ABF81}.Debug|Any CPU.ActiveCfg = Debug|Any CPU
		{9E21F0E0-D01F-4283-88A6-BEB2A53ABF81}.Debug|Any CPU.Build.0 = Debug|Any CPU
		{9E21F0E0-D01F-4283-88A6-BEB2A53ABF81}.Release|Any CPU.ActiveCfg = Release|Any CPU
		{9E21F0E0-D01F-4283-88A6-BEB2A53ABF81}.Release|Any CPU.Build.0 = Release|Any CPU
	EndGlobalSection
	GlobalSection(SolutionProperties) = preSolution
		HideSolutionNode = FALSE
	EndGlobalSection
	GlobalSection(ExtensibilityGlobals) = postSolution
		SolutionGuid = {623BF3C4-0408-4253-8145-CBECE466F1DD}
	EndGlobalSection
EndGlobal
